<Solution>
  <Project Path="Bff.Service/Bff.Service.csproj" Id="a6c188b3-5b4b-445a-a1df-15e03fba6786" />
  <Project Path="McpHostApp.Console/McpHostApp.Console.csproj" />
  <Project Path="McpServer.FlightControl/McpServer.FlightControl.csproj" Id="c29bb127-5a08-4d8f-8b25-68747c248237" />
</Solution>
